
Microsoft Visual Studio Solution File, Format Version 12.00
# Visual Studio Version 16
VisualStudioVersion = 16.0.30011.22
MinimumVisualStudioVersion = 10.0.40219.1
Project("{FAE04EC0-301F-11D3-BF4B-00C04F79EFBC}") = "OOP_lab_2_3_3", "OOP_lab_2_3_3\OOP_lab_2_3_3.csproj", "{BC61F329-8D43-45F4-BAA9-7496E5CC9DB0}"
EndProject
Project("{2150E333-8FDC-42A3-9474-1A3956D46DE8}") = "Solution Items", "Solution Items", "{546DA360-146D-4888-B131-D2E652D9E18D}"
	ProjectSection(SolutionItems) = preProject
		.travis.yml = .travis.yml
	EndProjectSection
EndProject
Global
	GlobalSection(SolutionConfigurationPlatforms) = preSolution
		Debug|Any CPU = Debug|Any CPU
		Release|Any CPU = Release|Any CPU
	EndGlobalSection
	GlobalSection(ProjectConfigurationPlatforms) = postSolution
		{BC61F329-8D43-45F4-BAA9-7496E5CC9DB0}.Debug|Any CPU.ActiveCfg = Debug|Any CPU
		{BC61F329-8D43-45F4-BAA9-7496E5CC9DB0}.Debug|Any CPU.Build.0 = Debug|Any CPU
		{BC61F329-8D43-45F4-BAA9-7496E5CC9DB0}.Release|Any CPU.ActiveCfg = Release|Any CPU
		{BC61F329-8D43-45F4-BAA9-7496E5CC9DB0}.Release|Any CPU.Build.0 = Release|Any CPU
	EndGlobalSection
	GlobalSection(SolutionProperties) = preSolution
		HideSolutionNode = FALSE
	EndGlobalSection
	GlobalSection(ExtensibilityGlobals) = postSolution
		SolutionGuid = {745D00AD-BD52-41AA-AA02-CAC4028D892C}
	EndGlobalSection
EndGlobal
